{
    "name": "@cathive/concourse-chartmuseum-resource",
    "version": "0.3.0-pre",
    "lockfileVersion": 1,
    "requires": true,
    "dependencies": {
        "@types/node": {
            "version": "9.4.5",
            "resolved": "https://registry.npmjs.org/@types/node/-/node-9.4.5.tgz",
            "integrity": "sha512-DvC7bzO5797bkApgukxouHmkOdYN2D0yL5olw0RncDpXUa6n39qTVsUi/5g2QJjPgl8qn4zh+4h0sofNoWGLRg==",
            "dev": true
        },
        "@types/node-fetch": {
            "version": "1.6.7",
            "resolved": "https://registry.npmjs.org/@types/node-fetch/-/node-fetch-1.6.7.tgz",
            "integrity": "sha1-UhB46PDGmhWOUCIAWsqS0mIPbVc=",
            "dev": true,
            "requires": {
                "@types/node": "9.4.5"
            }
        },
        "@types/semver": {
            "version": "5.5.0",
            "resolved": "https://registry.npmjs.org/@types/semver/-/semver-5.5.0.tgz",
            "integrity": "sha512-41qEJgBH/TWgo5NFSvBCJ1qkoi3Q6ONSF2avrHq1LVEZfYpdHmj0y9SuTK+u9ZhG1sYQKBL1AWXKyLWP4RaUoQ==",
            "dev": true
        },
        "node-fetch": {
            "version": "2.0.0",
            "resolved": "https://registry.npmjs.org/node-fetch/-/node-fetch-2.0.0.tgz",
            "integrity": "sha1-mCu6Q+zU8pIqKcwYamu7C7c/y6Y="
        },
        "semver": {
            "version": "5.5.0",
            "resolved": "https://registry.npmjs.org/semver/-/semver-5.5.0.tgz",
            "integrity": "sha512-4SJ3dm0WAwWy/NVeioZh5AntkdJoWKxHxcmyP622fOkgHa4z3R0TdBJICINyaSDE6uNwVc8gZr+ZinwZAH4xIA=="
        },
        "typescript": {
            "version": "2.7.1",
            "resolved": "https://registry.npmjs.org/typescript/-/typescript-2.7.1.tgz",
            "integrity": "sha512-bqB1yS6o9TNA9ZC/MJxM0FZzPnZdtHj0xWK/IZ5khzVqdpGul/R/EIiHRgFXlwTD7PSIaYVnGKq1QgMCu2mnqw==",
            "dev": true
        }
    }
}
